
Microsoft Visual Studio Solution File, Format Version 12.00
# Visual Studio Version 17
VisualStudioVersion = 17.14.36127.28 d17.14
MinimumVisualStudioVersion = 10.0.40219.1
Project("{FAE04EC0-301F-11D3-BF4B-00C04F79EFBC}") = "ResumeCreatorAPI", "ResumeCreatorAPI.csproj", "{9F09D817-2322-44BF-926E-C073CC1F16EA}"
EndProject
Global
	GlobalSection(SolutionConfigurationPlatforms) = preSolution
		Debug|Any CPU = Debug|Any CPU
		Release|Any CPU = Release|Any CPU
	EndGlobalSection
	GlobalSection(ProjectConfigurationPlatforms) = postSolution
		{9F09D817-2322-44BF-926E-C073CC1F16EA}.Debug|Any CPU.ActiveCfg = Debug|Any CPU
		{9F09D817-2322-44BF-926E-C073CC1F16EA}.Debug|Any CPU.Build.0 = Debug|Any CPU
		{9F09D817-2322-44BF-926E-C073CC1F16EA}.Release|Any CPU.ActiveCfg = Release|Any CPU
		{9F09D817-2322-44BF-926E-C073CC1F16EA}.Release|Any CPU.Build.0 = Release|Any CPU
	EndGlobalSection
	GlobalSection(SolutionProperties) = preSolution
		HideSolutionNode = FALSE
	EndGlobalSection
	GlobalSection(ExtensibilityGlobals) = postSolution
		SolutionGuid = {20E37350-4865-4D6C-BB95-27D854651CE2}
	EndGlobalSection
EndGlobal
